
Microsoft Visual Studio Solution File, Format Version 12.00
# Visual Studio Version 17
VisualStudioVersion = 17.2.32616.157
MinimumVisualStudioVersion = 10.0.40219.1
Project("{FAE04EC0-301F-11D3-BF4B-00C04F79EFBC}") = "Task", "Task\Task.csproj", "{CEEE079E-38BD-404F-8ADF-F094088EAF45}"
EndProject
Global
	GlobalSection(SolutionConfigurationPlatforms) = preSolution
		Debug|Any CPU = Debug|Any CPU
		Release|Any CPU = Release|Any CPU
	EndGlobalSection
	GlobalSection(ProjectConfigurationPlatforms) = postSolution
		{CEEE079E-38BD-404F-8ADF-F094088EAF45}.Debug|Any CPU.ActiveCfg = Debug|Any CPU
		{CEEE079E-38BD-404F-8ADF-F094088EAF45}.Debug|Any CPU.Build.0 = Debug|Any CPU
		{CEEE079E-38BD-404F-8ADF-F094088EAF45}.Release|Any CPU.ActiveCfg = Release|Any CPU
		{CEEE079E-38BD-404F-8ADF-F094088EAF45}.Release|Any CPU.Build.0 = Release|Any CPU
	EndGlobalSection
	GlobalSection(SolutionProperties) = preSolution
		HideSolutionNode = FALSE
	EndGlobalSection
	GlobalSection(ExtensibilityGlobals) = postSolution
		SolutionGuid = {00766FC1-0201-4CBF-9676-EEC187937938}
	EndGlobalSection
EndGlobal
